
Microsoft Visual Studio Solution File, Format Version 12.00
# Visual Studio 2012
Project("{FAE04EC0-301F-11D3-BF4B-00C04F79EFBC}") = "collectionQuest_1", "collectionQuest_1\collectionQuest_1.csproj", "{1883DEB6-E0C9-4934-93F8-9174356480B3}"
EndProject
Global
	GlobalSection(SolutionConfigurationPlatforms) = preSolution
		Debug|x86 = Debug|x86
		Release|x86 = Release|x86
	EndGlobalSection
	GlobalSection(ProjectConfigurationPlatforms) = postSolution
		{1883DEB6-E0C9-4934-93F8-9174356480B3}.Debug|x86.ActiveCfg = Debug|x86
		{1883DEB6-E0C9-4934-93F8-9174356480B3}.Debug|x86.Build.0 = Debug|x86
		{1883DEB6-E0C9-4934-93F8-9174356480B3}.Release|x86.ActiveCfg = Release|x86
		{1883DEB6-E0C9-4934-93F8-9174356480B3}.Release|x86.Build.0 = Release|x86
	EndGlobalSection
EndGlobal
