
Microsoft Visual Studio Solution File, Format Version 12.00
# Visual Studio 2012
Project("{FAE04EC0-301F-11D3-BF4B-00C04F79EFBC}") = "fileio4", "fileio4\fileio4.csproj", "{7849CAFE-04A4-4004-AF7E-BCACDC8D69BB}"
EndProject
Global
	GlobalSection(SolutionConfigurationPlatforms) = preSolution
		Debug|x86 = Debug|x86
		Release|x86 = Release|x86
	EndGlobalSection
	GlobalSection(ProjectConfigurationPlatforms) = postSolution
		{7849CAFE-04A4-4004-AF7E-BCACDC8D69BB}.Debug|x86.ActiveCfg = Debug|x86
		{7849CAFE-04A4-4004-AF7E-BCACDC8D69BB}.Debug|x86.Build.0 = Debug|x86
		{7849CAFE-04A4-4004-AF7E-BCACDC8D69BB}.Release|x86.ActiveCfg = Release|x86
		{7849CAFE-04A4-4004-AF7E-BCACDC8D69BB}.Release|x86.Build.0 = Release|x86
	EndGlobalSection
EndGlobal
